
Microsoft Visual Studio Solution File, Format Version 12.00
# Visual Studio Version 16
VisualStudioVersion = 16.0.31624.102
MinimumVisualStudioVersion = 10.0.40219.1
Project("{9A19103F-16F7-4668-BE54-9A1E7A4F7556}") = "CS1", "CS1.csproj", "{AD20FA90-EADD-4EFF-9DD2-C7A2BFCE0ACA}"
EndProject
Project("{9A19103F-16F7-4668-BE54-9A1E7A4F7556}") = "staticfunc", "..\staticfunc\staticfunc.csproj", "{D1F40304-A958-4A28-A78E-4C700C5EEEED}"
EndProject
Project("{9A19103F-16F7-4668-BE54-9A1E7A4F7556}") = "_struct", "..\struct\_struct.csproj", "{7FA9E00E-CE11-4200-BAF9-E228A9724CB4}"
EndProject
Project("{2150E333-8FDC-42A3-9474-1A3956D46DE8}") = "GAME", "GAME", "{D896999D-82BD-4166-B840-C28FECF0A9AC}"
EndProject
Project("{FAE04EC0-301F-11D3-BF4B-00C04F79EFBC}") = "TextRpg001", "..\TextRpg001\TextRpg001.csproj", "{56341D06-0BA8-4882-864B-E999A5DFB76D}"
EndProject
Global
	GlobalSection(SolutionConfigurationPlatforms) = preSolution
		Debug|Any CPU = Debug|Any CPU
		Release|Any CPU = Release|Any CPU
	EndGlobalSection
	GlobalSection(ProjectConfigurationPlatforms) = postSolution
		{AD20FA90-EADD-4EFF-9DD2-C7A2BFCE0ACA}.Debug|Any CPU.ActiveCfg = Debug|Any CPU
		{AD20FA90-EADD-4EFF-9DD2-C7A2BFCE0ACA}.Debug|Any CPU.Build.0 = Debug|Any CPU
		{AD20FA90-EADD-4EFF-9DD2-C7A2BFCE0ACA}.Release|Any CPU.ActiveCfg = Release|Any CPU
		{AD20FA90-EADD-4EFF-9DD2-C7A2BFCE0ACA}.Release|Any CPU.Build.0 = Release|Any CPU
		{D1F40304-A958-4A28-A78E-4C700C5EEEED}.Debug|Any CPU.ActiveCfg = Debug|Any CPU
		{D1F40304-A958-4A28-A78E-4C700C5EEEED}.Debug|Any CPU.Build.0 = Debug|Any CPU
		{D1F40304-A958-4A28-A78E-4C700C5EEEED}.Release|Any CPU.ActiveCfg = Release|Any CPU
		{D1F40304-A958-4A28-A78E-4C700C5EEEED}.Release|Any CPU.Build.0 = Release|Any CPU
		{7FA9E00E-CE11-4200-BAF9-E228A9724CB4}.Debug|Any CPU.ActiveCfg = Debug|Any CPU
		{7FA9E00E-CE11-4200-BAF9-E228A9724CB4}.Debug|Any CPU.Build.0 = Debug|Any CPU
		{7FA9E00E-CE11-4200-BAF9-E228A9724CB4}.Release|Any CPU.ActiveCfg = Release|Any CPU
		{7FA9E00E-CE11-4200-BAF9-E228A9724CB4}.Release|Any CPU.Build.0 = Release|Any CPU
		{56341D06-0BA8-4882-864B-E999A5DFB76D}.Debug|Any CPU.ActiveCfg = Debug|Any CPU
		{56341D06-0BA8-4882-864B-E999A5DFB76D}.Debug|Any CPU.Build.0 = Debug|Any CPU
		{56341D06-0BA8-4882-864B-E999A5DFB76D}.Release|Any CPU.ActiveCfg = Release|Any CPU
		{56341D06-0BA8-4882-864B-E999A5DFB76D}.Release|Any CPU.Build.0 = Release|Any CPU
	EndGlobalSection
	GlobalSection(SolutionProperties) = preSolution
		HideSolutionNode = FALSE
	EndGlobalSection
	GlobalSection(NestedProjects) = preSolution
		{56341D06-0BA8-4882-864B-E999A5DFB76D} = {D896999D-82BD-4166-B840-C28FECF0A9AC}
	EndGlobalSection
	GlobalSection(ExtensibilityGlobals) = postSolution
		SolutionGuid = {EFD714EE-4A92-44C0-9B68-550248877115}
	EndGlobalSection
EndGlobal
